{
  "version": 4,
  "terraform_version": "1.11.4",
  "serial": 7,
  "lineage": "841ed96a-c1f7-a31e-0e92-011968902d31",
  "outputs": {},
  "resources": [
    {
      "mode": "managed",
      "type": "aws_default_vpc",
      "name": "default",
      "provider": "provider[\"registry.terraform.io/hashicorp/aws\"]",
      "instances": [
        {
          "schema_version": 1,
          "attributes": {
            "arn": "arn:aws:ec2:us-east-2:490004636292:vpc/vpc-0764408e3475b1a2a",
            "assign_generated_ipv6_cidr_block": false,
            "cidr_block": "172.31.0.0/16",
            "default_network_acl_id": "acl-0f2f2406b198f8091",
            "default_route_table_id": "rtb-02055f9538099b1b7",
            "default_security_group_id": "sg-0180bd582fa853669",
            "dhcp_options_id": "dopt-0ae79f0fabcd269f3",
            "enable_dns_hostnames": true,
            "enable_dns_support": true,
            "enable_network_address_usage_metrics": false,
            "existing_default_vpc": true,
            "force_destroy": false,
            "id": "vpc-0764408e3475b1a2a",
            "instance_tenancy": "default",
            "ipv6_association_id": "",
            "ipv6_cidr_block": "",
            "ipv6_cidr_block_network_border_group": "",
            "ipv6_ipam_pool_id": "",
            "ipv6_netmask_length": 0,
            "main_route_table_id": "rtb-02055f9538099b1b7",
            "owner_id": "490004636292",
            "tags": {},
            "tags_all": {}
          },
          "sensitive_attributes": [],
          "private": "eyJzY2hlbWFfdmVyc2lvbiI6IjEifQ=="
        }
      ]
    },
    {
      "mode": "managed",
      "type": "aws_key_pair",
      "name": "deployer",
      "provider": "provider[\"registry.terraform.io/hashicorp/aws\"]",
      "instances": [
        {
          "schema_version": 1,
          "attributes": {
            "arn": "arn:aws:ec2:us-east-2:490004636292:key-pair/terra-automate-key",
            "fingerprint": "1d:8c:c5:ce:2c:8a:d2:f9:c4:6e:07:cf:23:8a:3c:eb",
            "id": "terra-automate-key",
            "key_name": "terra-automate-key",
            "key_name_prefix": "",
            "key_pair_id": "key-06c43316fd582ff15",
            "key_type": "rsa",
            "public_key": "ssh-rsa AAAAB3NzaC1yc2EAAAADAQABAAABgQCnTzpUkCTWGnKm4NFBMQ/CzA6jSMaYqt4q262tEeViBDlg9oMbXR9LEoQWK4E7Gs4zqMfeFUzkue9vtS43zwu0uwCVkMIADg1uWiWuPC1Faa6sHVppUtpTuYn888MlmgX8lmnTsT9Hymy/v9jfCyAIJl3JoAeMD02He1OoPJgwgt3U8zZZirWbYLjpKfZBUQzK7Hrv7ksEBWf+7U3tbMXnG9QA47OcLMCpP3Owoo4OoFctgmxrlXTMPupQS/UY8B65M/r6PaV6VQY3SEnIB2fTC/H4ffWSIZdUfI/5cg1fG+62ZYhhf5bDOkVUgzTQ2wamg7p1fdM/RYT58MlBZgYGZaSb9ht0hpxHG92A5YkSo+WWsRtzmFKomS+ijzxRKIq3759e7ahu5jHYpco3066q6ppd4k7X1Qc9F4wDUK20O3BdHCNc6irlcfnkiyGkibbSpvverIZO/zHMIo2gTBXJmSckjinHoU/lTPlZDeqSMsU3Pq1SdBRnLCPXOX/uFqc= anilkumar@SUPERTRAMP",
            "tags": {},
            "tags_all": {}
          },
          "sensitive_attributes": [],
          "private": "eyJzY2hlbWFfdmVyc2lvbiI6IjEifQ=="
        }
      ]
    },
    {
      "mode": "managed",
      "type": "aws_security_group",
      "name": "allow_user_to_connect",
      "provider": "provider[\"registry.terraform.io/hashicorp/aws\"]",
      "instances": [
        {
          "schema_version": 1,
          "attributes": {
            "arn": "arn:aws:ec2:us-east-2:490004636292:security-group/sg-0978d2ee9f9366632",
            "description": "Allow user to connect",
            "egress": [
              {
                "cidr_blocks": [
                  "0.0.0.0/0"
                ],
                "description": " allow all outgoing traffic ",
                "from_port": 0,
                "ipv6_cidr_blocks": [],
                "prefix_list_ids": [],
                "protocol": "-1",
                "security_groups": [],
                "self": false,
                "to_port": 0
              }
            ],
            "id": "sg-0978d2ee9f9366632",
            "ingress": [
              {
                "cidr_blocks": [
                  "0.0.0.0/0"
                ],
                "description": "port 22 allow",
                "from_port": 22,
                "ipv6_cidr_blocks": [],
                "prefix_list_ids": [],
                "protocol": "tcp",
                "security_groups": [],
                "self": false,
                "to_port": 22
              },
              {
                "cidr_blocks": [
                  "0.0.0.0/0"
                ],
                "description": "port 443 allow",
                "from_port": 443,
                "ipv6_cidr_blocks": [],
                "prefix_list_ids": [],
                "protocol": "tcp",
                "security_groups": [],
                "self": false,
                "to_port": 443
              },
              {
                "cidr_blocks": [
                  "0.0.0.0/0"
                ],
                "description": "port 80 allow",
                "from_port": 80,
                "ipv6_cidr_blocks": [],
                "prefix_list_ids": [],
                "protocol": "tcp",
                "security_groups": [],
                "self": false,
                "to_port": 80
              }
            ],
            "name": "allow TLS",
            "name_prefix": "",
            "owner_id": "490004636292",
            "revoke_rules_on_delete": false,
            "tags": {
              "Name": "mysecurity"
            },
            "tags_all": {
              "Name": "mysecurity"
            },
            "timeouts": null,
            "vpc_id": "vpc-0764408e3475b1a2a"
          },
          "sensitive_attributes": [],
          "private": "eyJlMmJmYjczMC1lY2FhLTExZTYtOGY4OC0zNDM2M2JjN2M0YzAiOnsiY3JlYXRlIjo2MDAwMDAwMDAwMDAsImRlbGV0ZSI6OTAwMDAwMDAwMDAwfSwic2NoZW1hX3ZlcnNpb24iOiIxIn0=",
          "dependencies": [
            "aws_default_vpc.default"
          ]
        }
      ]
    }
  ],
  "check_results": null
}
