{
  "version": 4,
  "terraform_version": "1.11.4",
  "serial": 9,
  "lineage": "841ed96a-c1f7-a31e-0e92-011968902d31",
  "outputs": {},
  "resources": [
    {
      "mode": "managed",
      "type": "aws_default_vpc",
      "name": "default",
      "provider": "provider[\"registry.terraform.io/hashicorp/aws\"]",
      "instances": [
        {
          "schema_version": 1,
          "attributes": {
            "arn": "arn:aws:ec2:us-east-2:490004636292:vpc/vpc-0764408e3475b1a2a",
            "assign_generated_ipv6_cidr_block": false,
            "cidr_block": "172.31.0.0/16",
            "default_network_acl_id": "acl-0f2f2406b198f8091",
            "default_route_table_id": "rtb-02055f9538099b1b7",
            "default_security_group_id": "sg-0180bd582fa853669",
            "dhcp_options_id": "dopt-0ae79f0fabcd269f3",
            "enable_dns_hostnames": true,
            "enable_dns_support": true,
            "enable_network_address_usage_metrics": false,
            "existing_default_vpc": true,
            "force_destroy": false,
            "id": "vpc-0764408e3475b1a2a",
            "instance_tenancy": "default",
            "ipv6_association_id": "",
            "ipv6_cidr_block": "",
            "ipv6_cidr_block_network_border_group": "",
            "ipv6_ipam_pool_id": "",
            "ipv6_netmask_length": 0,
            "main_route_table_id": "rtb-02055f9538099b1b7",
            "owner_id": "490004636292",
            "tags": {},
            "tags_all": {}
          },
          "sensitive_attributes": [],
          "private": "eyJzY2hlbWFfdmVyc2lvbiI6IjEifQ=="
        }
      ]
    },
    {
      "mode": "managed",
      "type": "aws_instance",
      "name": "testinstance",
      "provider": "provider[\"registry.terraform.io/hashicorp/aws\"]",
      "instances": [
        {
          "schema_version": 1,
          "attributes": {
            "ami": "ami-04f167a56786e4b09",
            "arn": "arn:aws:ec2:us-east-2:490004636292:instance/i-0328eb9a388b322f0",
            "associate_public_ip_address": true,
            "availability_zone": "us-east-2a",
            "capacity_reservation_specification": [
              {
                "capacity_reservation_preference": "open",
                "capacity_reservation_target": []
              }
            ],
            "cpu_core_count": 2,
            "cpu_options": [
              {
                "amd_sev_snp": "",
                "core_count": 2,
                "threads_per_core": 1
              }
            ],
            "cpu_threads_per_core": 1,
            "credit_specification": [
              {
                "cpu_credits": "standard"
              }
            ],
            "disable_api_stop": false,
            "disable_api_termination": false,
            "ebs_block_device": [],
            "ebs_optimized": false,
            "enclave_options": [
              {
                "enabled": false
              }
            ],
            "ephemeral_block_device": [],
            "get_password_data": false,
            "hibernation": false,
            "host_id": "",
            "host_resource_group_arn": null,
            "iam_instance_profile": "",
            "id": "i-0328eb9a388b322f0",
            "instance_initiated_shutdown_behavior": "stop",
            "instance_lifecycle": "",
            "instance_market_options": [],
            "instance_state": "running",
            "instance_type": "t2.large",
            "ipv6_address_count": 0,
            "ipv6_addresses": [],
            "key_name": "terra-automate-key",
            "launch_template": [],
            "maintenance_options": [
              {
                "auto_recovery": "default"
              }
            ],
            "metadata_options": [
              {
                "http_endpoint": "enabled",
                "http_protocol_ipv6": "disabled",
                "http_put_response_hop_limit": 2,
                "http_tokens": "required",
                "instance_metadata_tags": "disabled"
              }
            ],
            "monitoring": false,
            "network_interface": [],
            "outpost_arn": "",
            "password_data": "",
            "placement_group": "",
            "placement_partition_number": 0,
            "primary_network_interface_id": "eni-05acf7c72f5c227d1",
            "private_dns": "ip-172-31-3-212.us-east-2.compute.internal",
            "private_dns_name_options": [
              {
                "enable_resource_name_dns_a_record": false,
                "enable_resource_name_dns_aaaa_record": false,
                "hostname_type": "ip-name"
              }
            ],
            "private_ip": "172.31.3.212",
            "public_dns": "ec2-3-145-60-18.us-east-2.compute.amazonaws.com",
            "public_ip": "3.145.60.18",
            "root_block_device": [
              {
                "delete_on_termination": true,
                "device_name": "/dev/sda1",
                "encrypted": false,
                "iops": 3000,
                "kms_key_id": "",
                "tags": null,
                "tags_all": {},
                "throughput": 125,
                "volume_id": "vol-0f46b714b1aa31877",
                "volume_size": 30,
                "volume_type": "gp3"
              }
            ],
            "secondary_private_ips": [],
            "security_groups": [
              "allow TLS"
            ],
            "source_dest_check": true,
            "spot_instance_request_id": "",
            "subnet_id": "subnet-069b920a9ddf1ef36",
            "tags": {
              "Name": "Automate"
            },
            "tags_all": {
              "Name": "Automate"
            },
            "tenancy": "default",
            "timeouts": null,
            "user_data": null,
            "user_data_base64": null,
            "user_data_replace_on_change": false,
            "volume_tags": null,
            "vpc_security_group_ids": [
              "sg-0978d2ee9f9366632"
            ]
          },
          "sensitive_attributes": [],
          "private": "eyJlMmJmYjczMC1lY2FhLTExZTYtOGY4OC0zNDM2M2JjN2M0YzAiOnsiY3JlYXRlIjo2MDAwMDAwMDAwMDAsImRlbGV0ZSI6MTIwMDAwMDAwMDAwMCwicmVhZCI6OTAwMDAwMDAwMDAwLCJ1cGRhdGUiOjYwMDAwMDAwMDAwMH0sInNjaGVtYV92ZXJzaW9uIjoiMSJ9",
          "dependencies": [
            "aws_default_vpc.default",
            "aws_key_pair.deployer",
            "aws_security_group.allow_user_to_connect"
          ]
        }
      ]
    },
    {
      "mode": "managed",
      "type": "aws_key_pair",
      "name": "deployer",
      "provider": "provider[\"registry.terraform.io/hashicorp/aws\"]",
      "instances": [
        {
          "schema_version": 1,
          "attributes": {
            "arn": "arn:aws:ec2:us-east-2:490004636292:key-pair/terra-automate-key",
            "fingerprint": "1d:8c:c5:ce:2c:8a:d2:f9:c4:6e:07:cf:23:8a:3c:eb",
            "id": "terra-automate-key",
            "key_name": "terra-automate-key",
            "key_name_prefix": "",
            "key_pair_id": "key-06c43316fd582ff15",
            "key_type": "rsa",
            "public_key": "ssh-rsa AAAAB3NzaC1yc2EAAAADAQABAAABgQCnTzpUkCTWGnKm4NFBMQ/CzA6jSMaYqt4q262tEeViBDlg9oMbXR9LEoQWK4E7Gs4zqMfeFUzkue9vtS43zwu0uwCVkMIADg1uWiWuPC1Faa6sHVppUtpTuYn888MlmgX8lmnTsT9Hymy/v9jfCyAIJl3JoAeMD02He1OoPJgwgt3U8zZZirWbYLjpKfZBUQzK7Hrv7ksEBWf+7U3tbMXnG9QA47OcLMCpP3Owoo4OoFctgmxrlXTMPupQS/UY8B65M/r6PaV6VQY3SEnIB2fTC/H4ffWSIZdUfI/5cg1fG+62ZYhhf5bDOkVUgzTQ2wamg7p1fdM/RYT58MlBZgYGZaSb9ht0hpxHG92A5YkSo+WWsRtzmFKomS+ijzxRKIq3759e7ahu5jHYpco3066q6ppd4k7X1Qc9F4wDUK20O3BdHCNc6irlcfnkiyGkibbSpvverIZO/zHMIo2gTBXJmSckjinHoU/lTPlZDeqSMsU3Pq1SdBRnLCPXOX/uFqc= anilkumar@SUPERTRAMP",
            "tags": {},
            "tags_all": {}
          },
          "sensitive_attributes": [],
          "private": "eyJzY2hlbWFfdmVyc2lvbiI6IjEifQ=="
        }
      ]
    },
    {
      "mode": "managed",
      "type": "aws_security_group",
      "name": "allow_user_to_connect",
      "provider": "provider[\"registry.terraform.io/hashicorp/aws\"]",
      "instances": [
        {
          "schema_version": 1,
          "attributes": {
            "arn": "arn:aws:ec2:us-east-2:490004636292:security-group/sg-0978d2ee9f9366632",
            "description": "Allow user to connect",
            "egress": [
              {
                "cidr_blocks": [
                  "0.0.0.0/0"
                ],
                "description": " allow all outgoing traffic ",
                "from_port": 0,
                "ipv6_cidr_blocks": [],
                "prefix_list_ids": [],
                "protocol": "-1",
                "security_groups": [],
                "self": false,
                "to_port": 0
              }
            ],
            "id": "sg-0978d2ee9f9366632",
            "ingress": [
              {
                "cidr_blocks": [
                  "0.0.0.0/0"
                ],
                "description": "port 22 allow",
                "from_port": 22,
                "ipv6_cidr_blocks": [],
                "prefix_list_ids": [],
                "protocol": "tcp",
                "security_groups": [],
                "self": false,
                "to_port": 22
              },
              {
                "cidr_blocks": [
                  "0.0.0.0/0"
                ],
                "description": "port 443 allow",
                "from_port": 443,
                "ipv6_cidr_blocks": [],
                "prefix_list_ids": [],
                "protocol": "tcp",
                "security_groups": [],
                "self": false,
                "to_port": 443
              },
              {
                "cidr_blocks": [
                  "0.0.0.0/0"
                ],
                "description": "port 80 allow",
                "from_port": 80,
                "ipv6_cidr_blocks": [],
                "prefix_list_ids": [],
                "protocol": "tcp",
                "security_groups": [],
                "self": false,
                "to_port": 80
              }
            ],
            "name": "allow TLS",
            "name_prefix": "",
            "owner_id": "490004636292",
            "revoke_rules_on_delete": false,
            "tags": {
              "Name": "mysecurity"
            },
            "tags_all": {
              "Name": "mysecurity"
            },
            "timeouts": null,
            "vpc_id": "vpc-0764408e3475b1a2a"
          },
          "sensitive_attributes": [],
          "private": "eyJlMmJmYjczMC1lY2FhLTExZTYtOGY4OC0zNDM2M2JjN2M0YzAiOnsiY3JlYXRlIjo2MDAwMDAwMDAwMDAsImRlbGV0ZSI6OTAwMDAwMDAwMDAwfSwic2NoZW1hX3ZlcnNpb24iOiIxIn0=",
          "dependencies": [
            "aws_default_vpc.default"
          ]
        }
      ]
    }
  ],
  "check_results": null
}
